{
  "name": "tournament",
  "version": "1.0.0",
  "lockfileVersion": 3,
  "requires": true,
  "packages": {
    "": {
      "name": "tournament",
      "version": "1.0.0",
      "license": "ISC",
      "dependencies": {
        "@babylonjs/core": "^8.8.5",
        "@babylonjs/materials": "^8.8.5",
        "babylonjs": "^8.7.1"
      },
      "devDependencies": {
        "typescript": "^5.0.0"
      }
    },
    "node_modules/@babylonjs/core": {
      "version": "8.8.5",
      "resolved": "https://registry.npmjs.org/@babylonjs/core/-/core-8.8.5.tgz",
      "integrity": "sha512-IrOwzSrE/9WfkgDwhdR4AET7Z1+ftJCZW5sPIdUJFBLT2n6M0Gc3aOyTunwGObDsGbRUZFdZTR+S2rI/YEKfdw==",
      "license": "Apache-2.0"
    },
    "node_modules/@babylonjs/materials": {
      "version": "8.8.5",
      "resolved": "https://registry.npmjs.org/@babylonjs/materials/-/materials-8.8.5.tgz",
      "integrity": "sha512-CgFgJ0AZX9bSFEMmEHGgu+HUCkbiodxubOGwie/2+EmysTlXM89bnZ8KkxANNL7wyTRMg8u4uclgRYiL2y9rIA==",
      "license": "Apache-2.0",
      "peerDependencies": {
        "@babylonjs/core": "^8.0.0"
      }
    },
    "node_modules/babylonjs": {
      "version": "8.7.1",
      "resolved": "https://registry.npmjs.org/babylonjs/-/babylonjs-8.7.1.tgz",
      "integrity": "sha512-9mPT12glKg7bmT9enEjs25zrFPPCCnlDoO1v72MunGccaa2ubQnYDOkEbZMZkryYQfOf/0brkRJsjf68G0HnmA==",
      "hasInstallScript": true
    },
    "node_modules/typescript": {
      "version": "5.8.3",
      "resolved": "https://registry.npmjs.org/typescript/-/typescript-5.8.3.tgz",
      "integrity": "sha512-p1diW6TqL9L07nNxvRMM7hMMw4c5XOo/1ibL4aAIGmSAt9slTE1Xgw5KWuof2uTOvCg9BY7ZRi+GaF+7sfgPeQ==",
      "dev": true,
      "bin": {
        "tsc": "bin/tsc",
        "tsserver": "bin/tsserver"
      },
      "engines": {
        "node": ">=14.17"
      }
    }
  }
}
